
Microsoft Visual Studio Solution File, Format Version 12.00
# Visual Studio Version 17
VisualStudioVersion = 17.3.32728.150
MinimumVisualStudioVersion = 10.0.40219.1
Project("{9A19103F-16F7-4668-BE54-9A1E7A4F7556}") = "TreeViewChangeDataGrid", "TreeViewChangeDataGrid\TreeViewChangeDataGrid.csproj", "{2E7D2CDE-E766-4E83-A462-E361B8F870C5}"
EndProject
Project("{FAE04EC0-301F-11D3-BF4B-00C04F79EFBC}") = "TreeViewChangeDataGrid.Interface", "TreeViewChangeDataGrid.Interface\TreeViewChangeDataGrid.Interface.csproj", "{091EA3ED-393B-4E50-8A6E-E45E972CC19A}"
EndProject
Project("{FAE04EC0-301F-11D3-BF4B-00C04F79EFBC}") = "TreeViewChangeDataGrid.Common", "TreeViewChangeDataGrid.Common\TreeViewChangeDataGrid.Common.csproj", "{8C24E695-2BB2-47D5-8C74-B7B230C8649C}"
EndProject
Global
	GlobalSection(SolutionConfigurationPlatforms) = preSolution
		Debug|Any CPU = Debug|Any CPU
		Release|Any CPU = Release|Any CPU
	EndGlobalSection
	GlobalSection(ProjectConfigurationPlatforms) = postSolution
		{2E7D2CDE-E766-4E83-A462-E361B8F870C5}.Debug|Any CPU.ActiveCfg = Debug|Any CPU
		{2E7D2CDE-E766-4E83-A462-E361B8F870C5}.Debug|Any CPU.Build.0 = Debug|Any CPU
		{2E7D2CDE-E766-4E83-A462-E361B8F870C5}.Release|Any CPU.ActiveCfg = Release|Any CPU
		{2E7D2CDE-E766-4E83-A462-E361B8F870C5}.Release|Any CPU.Build.0 = Release|Any CPU
		{091EA3ED-393B-4E50-8A6E-E45E972CC19A}.Debug|Any CPU.ActiveCfg = Debug|Any CPU
		{091EA3ED-393B-4E50-8A6E-E45E972CC19A}.Debug|Any CPU.Build.0 = Debug|Any CPU
		{091EA3ED-393B-4E50-8A6E-E45E972CC19A}.Release|Any CPU.ActiveCfg = Release|Any CPU
		{091EA3ED-393B-4E50-8A6E-E45E972CC19A}.Release|Any CPU.Build.0 = Release|Any CPU
		{8C24E695-2BB2-47D5-8C74-B7B230C8649C}.Debug|Any CPU.ActiveCfg = Debug|Any CPU
		{8C24E695-2BB2-47D5-8C74-B7B230C8649C}.Debug|Any CPU.Build.0 = Debug|Any CPU
		{8C24E695-2BB2-47D5-8C74-B7B230C8649C}.Release|Any CPU.ActiveCfg = Release|Any CPU
		{8C24E695-2BB2-47D5-8C74-B7B230C8649C}.Release|Any CPU.Build.0 = Release|Any CPU
	EndGlobalSection
	GlobalSection(SolutionProperties) = preSolution
		HideSolutionNode = FALSE
	EndGlobalSection
	GlobalSection(ExtensibilityGlobals) = postSolution
		SolutionGuid = {0CF41844-3DC9-4360-A696-917FF5385188}
	EndGlobalSection
EndGlobal
